lockfileVersion: '9.0'

settings:
  autoInstallPeers: true
  excludeLinksFromLockfile: false

importers:

  .:
    dependencies:
      react-hook-form:
        specifier: ^7.71.0
        version: 7.71.0(react@19.2.3)

packages:

  react-hook-form@7.71.0:
    resolution: {integrity: sha512-oFDt/iIFMV9ZfV52waONXzg4xuSlbwKUPvXVH2jumL1me5qFhBMc4knZxuXiZ2+j6h546sYe3ZKJcg/900/iHw==}
    engines: {node: '>=18.0.0'}
    peerDependencies:
      react: ^16.8.0 || ^17 || ^18 || ^19

  react@19.2.3:
    resolution: {integrity: sha512-Ku/hhYbVjOQnXDZFv2+RibmLFGwFdeeKHFcOTlrt7xplBnya5OGn/hIRDsqDiSUcfORsDC7MPxwork8jBwsIWA==}
    engines: {node: '>=0.10.0'}

snapshots:

  react-hook-form@7.71.0(react@19.2.3):
    dependencies:
      react: 19.2.3

  react@19.2.3: {}
